{
  "name": "06",
  "version": "1.0.0",
  "lockfileVersion": 1,
  "requires": true,
  "dependencies": {
    "number-formatter": {
      "version": "1.2.0",
      "resolved": "https://registry.npmjs.org/number-formatter/-/number-formatter-1.2.0.tgz",
      "integrity": "sha1-HPmfNx/uYnvp9fEv2seeyzG4ig8="
    }
  }
}
